
Microsoft Visual Studio Solution File, Format Version 12.00
# Visual Studio Version 17
VisualStudioVersion = 17.4.33213.308
MinimumVisualStudioVersion = 10.0.40219.1
Project("{FAE04EC0-301F-11D3-BF4B-00C04F79EFBC}") = "HolaMundoOK", "HolaMundoOK\HolaMundoOK.csproj", "{CC79E1A4-03E0-4862-8CFA-0FF4E40038EB}"
EndProject
Global
	GlobalSection(SolutionConfigurationPlatforms) = preSolution
		Debug|Any CPU = Debug|Any CPU
		Release|Any CPU = Release|Any CPU
	EndGlobalSection
	GlobalSection(ProjectConfigurationPlatforms) = postSolution
		{CC79E1A4-03E0-4862-8CFA-0FF4E40038EB}.Debug|Any CPU.ActiveCfg = Debug|Any CPU
		{CC79E1A4-03E0-4862-8CFA-0FF4E40038EB}.Debug|Any CPU.Build.0 = Debug|Any CPU
		{CC79E1A4-03E0-4862-8CFA-0FF4E40038EB}.Release|Any CPU.ActiveCfg = Release|Any CPU
		{CC79E1A4-03E0-4862-8CFA-0FF4E40038EB}.Release|Any CPU.Build.0 = Release|Any CPU
	EndGlobalSection
	GlobalSection(SolutionProperties) = preSolution
		HideSolutionNode = FALSE
	EndGlobalSection
	GlobalSection(ExtensibilityGlobals) = postSolution
		SolutionGuid = {1D4A6E5A-8861-495B-9B64-FBDB7FAA80F5}
	EndGlobalSection
EndGlobal
